
Microsoft Visual Studio Solution File, Format Version 12.00
# Visual Studio Version 16
VisualStudioVersion = 16.0.34601.136
MinimumVisualStudioVersion = 10.0.40219.1
Project("{FAE04EC0-301F-11D3-BF4B-00C04F79EFBC}") = "RiskOfRain2Internal", "RiskOfRain2Internal.csproj", "{16A2279B-7E8E-4DB1-AE51-715707E25CB2}"
EndProject
Global
	GlobalSection(SolutionConfigurationPlatforms) = preSolution
		Debug|Any CPU = Debug|Any CPU
		Release|Any CPU = Release|Any CPU
	EndGlobalSection
	GlobalSection(ProjectConfigurationPlatforms) = postSolution
		{16A2279B-7E8E-4DB1-AE51-715707E25CB2}.Debug|Any CPU.ActiveCfg = Debug|Any CPU
		{16A2279B-7E8E-4DB1-AE51-715707E25CB2}.Debug|Any CPU.Build.0 = Debug|Any CPU
		{16A2279B-7E8E-4DB1-AE51-715707E25CB2}.Release|Any CPU.ActiveCfg = Release|Any CPU
		{16A2279B-7E8E-4DB1-AE51-715707E25CB2}.Release|Any CPU.Build.0 = Release|Any CPU
	EndGlobalSection
	GlobalSection(SolutionProperties) = preSolution
		HideSolutionNode = FALSE
	EndGlobalSection
	GlobalSection(ExtensibilityGlobals) = postSolution
		SolutionGuid = {F4427885-F5BF-4B49-8F31-5796B44F2CCB}
	EndGlobalSection
EndGlobal
